// !$*UTF8*$!
{
	archiveVersion = 1;
	classes = {
	};
	objectVersion = 46;
	objects = {

/* Begin PBXBuildFile section */
		E768861F1B0F786000D1F1A2 /* json.c in Sources */ = {isa = PBXBuildFile; fileRef = E76886151B0F786000D1F1A2 /* json.c */; };
		E7D13DAD1B0F792C00BF2C77 /* json.c in Sources */ = {isa = PBXBuildFile; fileRef = E76886151B0F786000D1F1A2 /* json.c */; };
		E7D13DB71B0F797300BF2C77 /* main.cpp in Sources */ = {isa = PBXBuildFile; fileRef = E7D13DB61B0F797300BF2C77 /* main.cpp */; };
		E7D13DC01B0F7A1100BF2C77 /* json.c in Sources */ = {isa = PBXBuildFile; fileRef = E76886151B0F786000D1F1A2 /* json.c */; };
		E7D13DC11B0F7A1A00BF2C77 /* json.h in Headers */ = {isa = PBXBuildFile; fileRef = E76886161B0F786000D1F1A2 /* json.h */; settings = {ATTRIBUTES = (Public, ); }; };
		E7D13DC21B0F7A1A00BF2C77 /* json.hpp in Headers */ = {isa = PBXBuildFile; fileRef = E76886171B0F786000D1F1A2 /* json.hpp */; settings = {ATTRIBUTES = (Public, ); }; };
		E7D13DC51B0F7A4000BF2C77 /* main.c in Sources */ = {isa = PBXBuildFile; fileRef = E7D13DC41B0F7A4000BF2C77 /* main.c */; };
/* End PBXBuildFile section */

/* Begin PBXCopyFilesBuildPhase section */
		E77A13D91AD5D443001068F1 /* CopyFiles */ = {
			isa = PBXCopyFilesBuildPhase;
			buildActionMask = 2147483647;
			dstPath = /usr/share/man/man1/;
			dstSubfolderSpec = 0;
			files = (
			);
			runOnlyForDeploymentPostprocessing = 1;
		};
		E7D13DB01B0F792C00BF2C77 /* CopyFiles */ = {
			isa = PBXCopyFilesBuildPhase;
			buildActionMask = 2147483647;
			dstPath = /usr/share/man/man1/;
			dstSubfolderSpec = 0;
			files = (
			);
			runOnlyForDeploymentPostprocessing = 1;
		};
/* End PBXCopyFilesBuildPhase section */

/* Begin PBXFileReference section */
		E76886151B0F786000D1F1A2 /* json.c */ = {isa = PBXFileReference; fileEncoding = 4; lastKnownFileType = sourcecode.c.c; path = json.c; sourceTree = "<group>"; };
		E76886161B0F786000D1F1A2 /* json.h */ = {isa = PBXFileReference; fileEncoding = 4; lastKnownFileType = sourcecode.c.h; path = json.h; sourceTree = "<group>"; };
		E76886171B0F786000D1F1A2 /* json.hpp */ = {isa = PBXFileReference; fileEncoding = 4; lastKnownFileType = sourcecode.cpp.h; path = json.hpp; sourceTree = "<group>"; };
		E77A13DB1AD5D443001068F1 /* json */ = {isa = PBXFileReference; explicitFileType = "compiled.mach-o.executable"; includeInIndex = 0; path = json; sourceTree = BUILT_PRODUCTS_DIR; };
		E7D13DB41B0F792C00BF2C77 /* jsonc */ = {isa = PBXFileReference; explicitFileType = "compiled.mach-o.executable"; includeInIndex = 0; path = jsonc; sourceTree = BUILT_PRODUCTS_DIR; };
		E7D13DB61B0F797300BF2C77 /* main.cpp */ = {isa = PBXFileReference; fileEncoding = 4; lastKnownFileType = sourcecode.cpp.cpp; path = main.cpp; sourceTree = "<group>"; };
		E7D13DBC1B0F79EC00BF2C77 /* libjson.a */ = {isa = PBXFileReference; explicitFileType = archive.ar; includeInIndex = 0; path = libjson.a; sourceTree = BUILT_PRODUCTS_DIR; };
		E7D13DC41B0F7A4000BF2C77 /* main.c */ = {isa = PBXFileReference; fileEncoding = 4; lastKnownFileType = sourcecode.c.c; path = main.c; sourceTree = "<group>"; };
		E7D13DC61B0F7A7A00BF2C77 /* citylots.json */ = {isa = PBXFileReference; fileEncoding = 4; lastKnownFileType = text.json; path = citylots.json; sourceTree = "<group>"; };
		E7D13DC71B0F7A7A00BF2C77 /* magic.json */ = {isa = PBXFileReference; fileEncoding = 4; lastKnownFileType = text.json; path = magic.json; sourceTree = "<group>"; };
		E7D13DC81B0F7A7A00BF2C77 /* medium.json */ = {isa = PBXFileReference; fileEncoding = 4; lastKnownFileType = text.json; path = medium.json; sourceTree = "<group>"; };
		E7D13DC91B0F7A7A00BF2C77 /* small.json */ = {isa = PBXFileReference; fileEncoding = 4; lastKnownFileType = text.json; path = small.json; sourceTree = "<group>"; };
		E7D13DCA1B0F7A7A00BF2C77 /* test.json */ = {isa = PBXFileReference; fileEncoding = 4; lastKnownFileType = text.json; path = test.json; sourceTree = "<group>"; };
/* End PBXFileReference section */

/* Begin PBXFrameworksBuildPhase section */
		E77A13D81AD5D443001068F1 /* Frameworks */ = {
			isa = PBXFrameworksBuildPhase;
			buildActionMask = 2147483647;
			files = (
			);
			runOnlyForDeploymentPostprocessing = 0;
		};
		E7D13DAF1B0F792C00BF2C77 /* Frameworks */ = {
			isa = PBXFrameworksBuildPhase;
			buildActionMask = 2147483647;
			files = (
			);
			runOnlyForDeploymentPostprocessing = 0;
		};
		E7D13DB91B0F79EC00BF2C77 /* Frameworks */ = {
			isa = PBXFrameworksBuildPhase;
			buildActionMask = 2147483647;
			files = (
			);
			runOnlyForDeploymentPostprocessing = 0;
		};
/* End PBXFrameworksBuildPhase section */

/* Begin PBXGroup section */
		E76886131B0F786000D1F1A2 /* src */ = {
			isa = PBXGroup;
			children = (
				E76886151B0F786000D1F1A2 /* json.c */,
				E76886161B0F786000D1F1A2 /* json.h */,
				E76886171B0F786000D1F1A2 /* json.hpp */,
			);
			path = src;
			sourceTree = "<group>";
		};
		E77A13D21AD5D443001068F1 = {
			isa = PBXGroup;
			children = (
				E76886131B0F786000D1F1A2 /* src */,
				E7D13DB51B0F797300BF2C77 /* test */,
				E7D13DC31B0F7A4000BF2C77 /* jsonc */,
				E77A13DC1AD5D443001068F1 /* Products */,
			);
			sourceTree = "<group>";
		};
		E77A13DC1AD5D443001068F1 /* Products */ = {
			isa = PBXGroup;
			children = (
				E77A13DB1AD5D443001068F1 /* json */,
				E7D13DB41B0F792C00BF2C77 /* jsonc */,
				E7D13DBC1B0F79EC00BF2C77 /* libjson.a */,
			);
			name = Products;
			sourceTree = "<group>";
		};
		E7D13DB51B0F797300BF2C77 /* test */ = {
			isa = PBXGroup;
			children = (
				E7D13DC61B0F7A7A00BF2C77 /* citylots.json */,
				E7D13DC71B0F7A7A00BF2C77 /* magic.json */,
				E7D13DC81B0F7A7A00BF2C77 /* medium.json */,
				E7D13DC91B0F7A7A00BF2C77 /* small.json */,
				E7D13DCA1B0F7A7A00BF2C77 /* test.json */,
				E7D13DB61B0F797300BF2C77 /* main.cpp */,
			);
			path = test;
			sourceTree = "<group>";
		};
		E7D13DC31B0F7A4000BF2C77 /* jsonc */ = {
			isa = PBXGroup;
			children = (
				E7D13DC41B0F7A4000BF2C77 /* main.c */,
			);
			path = jsonc;
			sourceTree = "<group>";
		};
/* End PBXGroup section */

/* Begin PBXHeadersBuildPhase section */
		E7D13DBA1B0F79EC00BF2C77 /* Headers */ = {
			isa = PBXHeadersBuildPhase;
			buildActionMask = 2147483647;
			files = (
				E7D13DC11B0F7A1A00BF2C77 /* json.h in Headers */,
				E7D13DC21B0F7A1A00BF2C77 /* json.hpp in Headers */,
			);
			runOnlyForDeploymentPostprocessing = 0;
		};
/* End PBXHeadersBuildPhase section */

/* Begin PBXNativeTarget section */
		E77A13DA1AD5D443001068F1 /* test */ = {
			isa = PBXNativeTarget;
			buildConfigurationList = E77A13E21AD5D443001068F1 /* Build configuration list for PBXNativeTarget "test" */;
			buildPhases = (
				E77A13D71AD5D443001068F1 /* Sources */,
				E77A13D81AD5D443001068F1 /* Frameworks */,
				E77A13D91AD5D443001068F1 /* CopyFiles */,
			);
			buildRules = (
			);
			dependencies = (
			);
			name = test;
			productName = MMapJson;
			productReference = E77A13DB1AD5D443001068F1 /* json */;
			productType = "com.apple.product-type.tool";
		};
		E7D13DAB1B0F792C00BF2C77 /* jsonc */ = {
			isa = PBXNativeTarget;
			buildConfigurationList = E7D13DB11B0F792C00BF2C77 /* Build configuration list for PBXNativeTarget "jsonc" */;
			buildPhases = (
				E7D13DAC1B0F792C00BF2C77 /* Sources */,
				E7D13DAF1B0F792C00BF2C77 /* Frameworks */,
				E7D13DB01B0F792C00BF2C77 /* CopyFiles */,
			);
			buildRules = (
			);
			dependencies = (
			);
			name = jsonc;
			productName = MMapJson;
			productReference = E7D13DB41B0F792C00BF2C77 /* jsonc */;
			productType = "com.apple.product-type.tool";
		};
		E7D13DBB1B0F79EC00BF2C77 /* json */ = {
			isa = PBXNativeTarget;
			buildConfigurationList = E7D13DBD1B0F79EC00BF2C77 /* Build configuration list for PBXNativeTarget "json" */;
			buildPhases = (
				E7D13DB81B0F79EC00BF2C77 /* Sources */,
				E7D13DB91B0F79EC00BF2C77 /* Frameworks */,
				E7D13DBA1B0F79EC00BF2C77 /* Headers */,
			);
			buildRules = (
			);
			dependencies = (
			);
			name = json;
			productName = json;
			productReference = E7D13DBC1B0F79EC00BF2C77 /* libjson.a */;
			productType = "com.apple.product-type.library.static";
		};
/* End PBXNativeTarget section */

/* Begin PBXProject section */
		E77A13D31AD5D443001068F1 /* Project object */ = {
			isa = PBXProject;
			attributes = {
				LastUpgradeCheck = 0630;
				ORGANIZATIONNAME = "InMotion Software, LLC";
				TargetAttributes = {
					E77A13DA1AD5D443001068F1 = {
						CreatedOnToolsVersion = 6.2;
					};
					E7D13DBB1B0F79EC00BF2C77 = {
						CreatedOnToolsVersion = 6.3.1;
					};
				};
			};
			buildConfigurationList = E77A13D61AD5D443001068F1 /* Build configuration list for PBXProject "json" */;
			compatibilityVersion = "Xcode 3.2";
			developmentRegion = English;
			hasScannedForEncodings = 0;
			knownRegions = (
				en,
			);
			mainGroup = E77A13D21AD5D443001068F1;
			productRefGroup = E77A13DC1AD5D443001068F1 /* Products */;
			projectDirPath = "";
			projectRoot = "";
			targets = (
				E77A13DA1AD5D443001068F1 /* test */,
				E7D13DAB1B0F792C00BF2C77 /* jsonc */,
				E7D13DBB1B0F79EC00BF2C77 /* json */,
			);
		};
/* End PBXProject section */

/* Begin PBXSourcesBuildPhase section */
		E77A13D71AD5D443001068F1 /* Sources */ = {
			isa = PBXSourcesBuildPhase;
			buildActionMask = 2147483647;
			files = (
				E768861F1B0F786000D1F1A2 /* json.c in Sources */,
				E7D13DB71B0F797300BF2C77 /* main.cpp in Sources */,
			);
			runOnlyForDeploymentPostprocessing = 0;
		};
		E7D13DAC1B0F792C00BF2C77 /* Sources */ = {
			isa = PBXSourcesBuildPhase;
			buildActionMask = 2147483647;
			files = (
				E7D13DC51B0F7A4000BF2C77 /* main.c in Sources */,
				E7D13DAD1B0F792C00BF2C77 /* json.c in Sources */,
			);
			runOnlyForDeploymentPostprocessing = 0;
		};
		E7D13DB81B0F79EC00BF2C77 /* Sources */ = {
			isa = PBXSourcesBuildPhase;
			buildActionMask = 2147483647;
			files = (
				E7D13DC01B0F7A1100BF2C77 /* json.c in Sources */,
			);
			runOnlyForDeploymentPostprocessing = 0;
		};
/* End PBXSourcesBuildPhase section */

/* Begin XCBuildConfiguration section */
		E77A13E01AD5D443001068F1 /* Debug */ = {
			isa = XCBuildConfiguration;
			buildSettings = {
				ALWAYS_SEARCH_USER_PATHS = NO;
				CLANG_CXX_LANGUAGE_STANDARD = "gnu++0x";
				CLANG_CXX_LIBRARY = "libc++";
				CLANG_ENABLE_MODULES = YES;
				CLANG_ENABLE_OBJC_ARC = YES;
				CLANG_WARN_BOOL_CONVERSION = YES;
				CLANG_WARN_CONSTANT_CONVERSION = YES;
				CLANG_WARN_DIRECT_OBJC_ISA_USAGE = YES_ERROR;
				CLANG_WARN_EMPTY_BODY = YES;
				CLANG_WARN_ENUM_CONVERSION = YES;
				CLANG_WARN_INT_CONVERSION = YES;
				CLANG_WARN_OBJC_ROOT_CLASS = YES_ERROR;
				CLANG_WARN_UNREACHABLE_CODE = YES;
				CLANG_WARN__DUPLICATE_METHOD_MATCH = YES;
				COPY_PHASE_STRIP = NO;
				ENABLE_STRICT_OBJC_MSGSEND = YES;
				GCC_C_LANGUAGE_STANDARD = gnu99;
				GCC_DYNAMIC_NO_PIC = NO;
				GCC_OPTIMIZATION_LEVEL = 0;
				GCC_PREPROCESSOR_DEFINITIONS = (
					"DEBUG=1",
					"$(inherited)",
				);
				GCC_SYMBOLS_PRIVATE_EXTERN = NO;
				GCC_WARN_64_TO_32_BIT_CONVERSION = YES;
				GCC_WARN_ABOUT_RETURN_TYPE = YES_ERROR;
				GCC_WARN_UNDECLARED_SELECTOR = YES;
				GCC_WARN_UNINITIALIZED_AUTOS = YES_AGGRESSIVE;
				GCC_WARN_UNUSED_FUNCTION = YES;
				GCC_WARN_UNUSED_VARIABLE = YES;
				MACOSX_DEPLOYMENT_TARGET = 10.10;
				MTL_ENABLE_DEBUG_INFO = YES;
				ONLY_ACTIVE_ARCH = YES;
				SDKROOT = macosx;
			};
			name = Debug;
		};
		E77A13E11AD5D443001068F1 /* Release */ = {
			isa = XCBuildConfiguration;
			buildSettings = {
				ALWAYS_SEARCH_USER_PATHS = NO;
				CLANG_CXX_LANGUAGE_STANDARD = "gnu++0x";
				CLANG_CXX_LIBRARY = "libc++";
				CLANG_ENABLE_MODULES = YES;
				CLANG_ENABLE_OBJC_ARC = YES;
				CLANG_WARN_BOOL_CONVERSION = YES;
				CLANG_WARN_CONSTANT_CONVERSION = YES;
				CLANG_WARN_DIRECT_OBJC_ISA_USAGE = YES_ERROR;
				CLANG_WARN_EMPTY_BODY = YES;
				CLANG_WARN_ENUM_CONVERSION = YES;
				CLANG_WARN_INT_CONVERSION = YES;
				CLANG_WARN_OBJC_ROOT_CLASS = YES_ERROR;
				CLANG_WARN_UNREACHABLE_CODE = YES;
				CLANG_WARN__DUPLICATE_METHOD_MATCH = YES;
				COPY_PHASE_STRIP = NO;
				DEBUG_INFORMATION_FORMAT = "dwarf-with-dsym";
				ENABLE_NS_ASSERTIONS = NO;
				ENABLE_STRICT_OBJC_MSGSEND = YES;
				GCC_C_LANGUAGE_STANDARD = gnu99;
				GCC_WARN_64_TO_32_BIT_CONVERSION = YES;
				GCC_WARN_ABOUT_RETURN_TYPE = YES_ERROR;
				GCC_WARN_UNDECLARED_SELECTOR = YES;
				GCC_WARN_UNINITIALIZED_AUTOS = YES_AGGRESSIVE;
				GCC_WARN_UNUSED_FUNCTION = YES;
				GCC_WARN_UNUSED_VARIABLE = YES;
				MACOSX_DEPLOYMENT_TARGET = 10.10;
				MTL_ENABLE_DEBUG_INFO = NO;
				SDKROOT = macosx;
			};
			name = Release;
		};
		E77A13E31AD5D443001068F1 /* Debug */ = {
			isa = XCBuildConfiguration;
			buildSettings = {
				ARCHS = "$(ARCHS_STANDARD)";
				CLANG_CXX_LANGUAGE_STANDARD = "c++0x";
				CLANG_CXX_LIBRARY = "libc++";
				CLANG_WARN_DOCUMENTATION_COMMENTS = YES;
				CLANG_WARN_SUSPICIOUS_IMPLICIT_CONVERSION = YES;
				GCC_C_LANGUAGE_STANDARD = "compiler-default";
				GCC_TREAT_INCOMPATIBLE_POINTER_TYPE_WARNINGS_AS_ERRORS = YES;
				GCC_WARN_ABOUT_MISSING_FIELD_INITIALIZERS = YES;
				GCC_WARN_PEDANTIC = YES;
				PRODUCT_NAME = json_test;
			};
			name = Debug;
		};
		E77A13E41AD5D443001068F1 /* Release */ = {
			isa = XCBuildConfiguration;
			buildSettings = {
				ARCHS = "$(ARCHS_STANDARD)";
				CLANG_CXX_LANGUAGE_STANDARD = "c++0x";
				CLANG_CXX_LIBRARY = "libc++";
				CLANG_WARN_DOCUMENTATION_COMMENTS = YES;
				CLANG_WARN_SUSPICIOUS_IMPLICIT_CONVERSION = YES;
				GCC_C_LANGUAGE_STANDARD = "compiler-default";
				GCC_TREAT_INCOMPATIBLE_POINTER_TYPE_WARNINGS_AS_ERRORS = YES;
				GCC_WARN_ABOUT_MISSING_FIELD_INITIALIZERS = YES;
				GCC_WARN_PEDANTIC = YES;
				PRODUCT_NAME = json_test;
			};
			name = Release;
		};
		E7D13DB21B0F792C00BF2C77 /* Debug */ = {
			isa = XCBuildConfiguration;
			buildSettings = {
				ARCHS = "$(ARCHS_STANDARD)";
				CLANG_CXX_LANGUAGE_STANDARD = "c++0x";
				CLANG_CXX_LIBRARY = "libc++";
				CLANG_WARN_DOCUMENTATION_COMMENTS = YES;
				CLANG_WARN_SUSPICIOUS_IMPLICIT_CONVERSION = YES;
				GCC_C_LANGUAGE_STANDARD = "compiler-default";
				GCC_TREAT_INCOMPATIBLE_POINTER_TYPE_WARNINGS_AS_ERRORS = YES;
				GCC_WARN_ABOUT_MISSING_FIELD_INITIALIZERS = YES;
				GCC_WARN_PEDANTIC = YES;
				PRODUCT_NAME = jsonc;
			};
			name = Debug;
		};
		E7D13DB31B0F792C00BF2C77 /* Release */ = {
			isa = XCBuildConfiguration;
			buildSettings = {
				ARCHS = "$(ARCHS_STANDARD)";
				CLANG_CXX_LANGUAGE_STANDARD = "c++0x";
				CLANG_CXX_LIBRARY = "libc++";
				CLANG_WARN_DOCUMENTATION_COMMENTS = YES;
				CLANG_WARN_SUSPICIOUS_IMPLICIT_CONVERSION = YES;
				DEPLOYMENT_POSTPROCESSING = YES;
				GCC_C_LANGUAGE_STANDARD = "compiler-default";
				GCC_TREAT_INCOMPATIBLE_POINTER_TYPE_WARNINGS_AS_ERRORS = YES;
				GCC_WARN_ABOUT_MISSING_FIELD_INITIALIZERS = YES;
				GCC_WARN_PEDANTIC = YES;
				PRODUCT_NAME = jsonc;
				SEPARATE_STRIP = YES;
			};
			name = Release;
		};
		E7D13DBE1B0F79EC00BF2C77 /* Debug */ = {
			isa = XCBuildConfiguration;
			buildSettings = {
				DEBUG_INFORMATION_FORMAT = dwarf;
				EXECUTABLE_PREFIX = lib;
				GCC_NO_COMMON_BLOCKS = YES;
				GCC_PREPROCESSOR_DEFINITIONS = (
					"DEBUG=1",
					"$(inherited)",
				);
				PRODUCT_NAME = "$(TARGET_NAME)";
			};
			name = Debug;
		};
		E7D13DBF1B0F79EC00BF2C77 /* Release */ = {
			isa = XCBuildConfiguration;
			buildSettings = {
				EXECUTABLE_PREFIX = lib;
				GCC_NO_COMMON_BLOCKS = YES;
				PRODUCT_NAME = "$(TARGET_NAME)";
			};
			name = Release;
		};
/* End XCBuildConfiguration section */

/* Begin XCConfigurationList section */
		E77A13D61AD5D443001068F1 /* Build configuration list for PBXProject "json" */ = {
			isa = XCConfigurationList;
			buildConfigurations = (
				E77A13E01AD5D443001068F1 /* Debug */,
				E77A13E11AD5D443001068F1 /* Release */,
			);
			defaultConfigurationIsVisible = 0;
			defaultConfigurationName = Release;
		};
		E77A13E21AD5D443001068F1 /* Build configuration list for PBXNativeTarget "test" */ = {
			isa = XCConfigurationList;
			buildConfigurations = (
				E77A13E31AD5D443001068F1 /* Debug */,
				E77A13E41AD5D443001068F1 /* Release */,
			);
			defaultConfigurationIsVisible = 0;
			defaultConfigurationName = Release;
		};
		E7D13DB11B0F792C00BF2C77 /* Build configuration list for PBXNativeTarget "jsonc" */ = {
			isa = XCConfigurationList;
			buildConfigurations = (
				E7D13DB21B0F792C00BF2C77 /* Debug */,
				E7D13DB31B0F792C00BF2C77 /* Release */,
			);
			defaultConfigurationIsVisible = 0;
			defaultConfigurationName = Release;
		};
		E7D13DBD1B0F79EC00BF2C77 /* Build configuration list for PBXNativeTarget "json" */ = {
			isa = XCConfigurationList;
			buildConfigurations = (
				E7D13DBE1B0F79EC00BF2C77 /* Debug */,
				E7D13DBF1B0F79EC00BF2C77 /* Release */,
			);
			defaultConfigurationIsVisible = 0;
		};
/* End XCConfigurationList section */
	};
	rootObject = E77A13D31AD5D443001068F1 /* Project object */;
}
